Microsoft Visual Studio Solution File, Format Version 12.00
# Visual Studio Version 17
VisualStudioVersion = 17.12.35527.113
MinimumVisualStudioVersion = 10.0.40219.1
Project("{FAE04EC0-301F-11D3-BF4B-00C04F79EFBC}") = "SimpleChatLlama", "SimpleChatLlama\SimpleChatLlama.csproj", "{BD1C3358-C8E1-4660-BF6A-015FF181242D}"
EndProject
Global
	GlobalSection(SolutionConfigurationPlatforms) = preSolution
		Debug|Any CPU = Debug|Any CPU
		Release|Any CPU = Release|Any CPU
	EndGlobalSection
	GlobalSection(ProjectConfigurationPlatforms) = postSolution
		{BD1C3358-C8E1-4660-BF6A-015FF181242D}.Debug|Any CPU.ActiveCfg = Debug|Any CPU
		{BD1C3358-C8E1-4660-BF6A-015FF181242D}.Debug|Any CPU.Build.0 = Debug|Any CPU
		{BD1C3358-C8E1-4660-BF6A-015FF181242D}.Release|Any CPU.ActiveCfg = Release|Any CPU
		{BD1C3358-C8E1-4660-BF6A-015FF181242D}.Release|Any CPU.Build.0 = Release|Any CPU
	EndGlobalSection
	GlobalSection(SolutionProperties) = preSolution
		HideSolutionNode = FALSE
	EndGlobalSection
EndGlobal
